{
  "lockfileVersion": 1,
  "configVersion": 0,
  "workspaces": {
    "": {
      "name": "experiment",
      "dependencies": {
        "@bufbuild/protobuf": "^1.4.2",
        "javy": "^0.1.2",
        "pg": "^8.11.3",
      },
      "devDependencies": {
        "@types/bun": "^1.3.5",
        "esbuild": "^0.19.5",
        "oxfmt": "^0.19.0",
        "oxlint": "^1.34.0",
        "oxlint-tsgolint": "^0.11.1",
        "rolldown": "^1.0.0-beta.60",
        "typescript": "^5.2.2",
      },
    },
  },
  "packages": {
    "@bufbuild/protobuf": ["@bufbuild/protobuf@1.10.1", "", {}, "sha512-wJ8ReQbHxsAfXhrf9ixl0aYbZorRuOWpBNzm8pL8ftmSxQx/wnJD5Eg861NwJU/czy2VXFIebCeZnZrI9rktIQ=="],

    "@emnapi/core": ["@emnapi/core@1.8.1", "", { "dependencies": { "@emnapi/wasi-threads": "1.1.0", "tslib": "^2.4.0" } }, "sha512-AvT9QFpxK0Zd8J0jopedNm+w/2fIzvtPKPjqyw9jwvBaReTTqPBk9Hixaz7KbjimP+QNz605/XnjFcDAL2pqBg=="],

    "@emnapi/runtime": ["@emnapi/runtime@1.8.1", "", { "dependencies": { "tslib": "^2.4.0" } }, "sha512-mehfKSMWjjNol8659Z8KxEMrdSJDDot5SXMq00dM8BN4o+CLNXQ0xH2V7EchNHV4RmbZLmmPdEaXZc5H2FXmDg=="],

    "@emnapi/wasi-threads": ["@emnapi/wasi-threads@1.1.0", "", { "dependencies": { "tslib": "^2.4.0" } }, "sha512-WI0DdZ8xFSbgMjR1sFsKABJ/C5OnRrjT06JXbZKexJGrDuPTzZdDYfFlsgcCXCyf+suG5QU2e/y1Wo2V/OapLQ=="],

    "@esbuild/aix-ppc64": ["@esbuild/aix-ppc64@0.19.12", "", { "os": "aix", "cpu": "ppc64" }, "sha512-bmoCYyWdEL3wDQIVbcyzRyeKLgk2WtWLTWz1ZIAZF/EGbNOwSA6ew3PftJ1PqMiOOGu0OyFMzG53L0zqIpPeNA=="],

    "@esbuild/android-arm": ["@esbuild/android-arm@0.19.12", "", { "os": "android", "cpu": "arm" }, "sha512-qg/Lj1mu3CdQlDEEiWrlC4eaPZ1KztwGJ9B6J+/6G+/4ewxJg7gqj8eVYWvao1bXrqGiW2rsBZFSX3q2lcW05w=="],

    "@esbuild/android-arm64": ["@esbuild/android-arm64@0.19.12", "", { "os": "android", "cpu": "arm64" }, "sha512-P0UVNGIienjZv3f5zq0DP3Nt2IE/3plFzuaS96vihvD0Hd6H/q4WXUGpCxD/E8YrSXfNyRPbpTq+T8ZQioSuPA=="],

    "@esbuild/android-x64": ["@esbuild/android-x64@0.19.12", "", { "os": "android", "cpu": "x64" }, "sha512-3k7ZoUW6Q6YqhdhIaq/WZ7HwBpnFBlW905Fa4s4qWJyiNOgT1dOqDiVAQFwBH7gBRZr17gLrlFCRzF6jFh7Kew=="],

    "@esbuild/darwin-arm64": ["@esbuild/darwin-arm64@0.19.12", "", { "os": "darwin", "cpu": "arm64" }, "sha512-B6IeSgZgtEzGC42jsI+YYu9Z3HKRxp8ZT3cqhvliEHovq8HSX2YX8lNocDn79gCKJXOSaEot9MVYky7AKjCs8g=="],

    "@esbuild/darwin-x64": ["@esbuild/darwin-x64@0.19.12", "", { "os": "darwin", "cpu": "x64" }, "sha512-hKoVkKzFiToTgn+41qGhsUJXFlIjxI/jSYeZf3ugemDYZldIXIxhvwN6erJGlX4t5h417iFuheZ7l+YVn05N3A=="],

    "@esbuild/freebsd-arm64": ["@esbuild/freebsd-arm64@0.19.12", "", { "os": "freebsd", "cpu": "arm64" }, "sha512-4aRvFIXmwAcDBw9AueDQ2YnGmz5L6obe5kmPT8Vd+/+x/JMVKCgdcRwH6APrbpNXsPz+K653Qg8HB/oXvXVukA=="],

    "@esbuild/freebsd-x64": ["@esbuild/freebsd-x64@0.19.12", "", { "os": "freebsd", "cpu": "x64" }, "sha512-EYoXZ4d8xtBoVN7CEwWY2IN4ho76xjYXqSXMNccFSx2lgqOG/1TBPW0yPx1bJZk94qu3tX0fycJeeQsKovA8gg=="],

    "@esbuild/linux-arm": ["@esbuild/linux-arm@0.19.12", "", { "os": "linux", "cpu": "arm" }, "sha512-J5jPms//KhSNv+LO1S1TX1UWp1ucM6N6XuL6ITdKWElCu8wXP72l9MM0zDTzzeikVyqFE6U8YAV9/tFyj0ti+w=="],

    "@esbuild/linux-arm64": ["@esbuild/linux-arm64@0.19.12", "", { "os": "linux", "cpu": "arm64" }, "sha512-EoTjyYyLuVPfdPLsGVVVC8a0p1BFFvtpQDB/YLEhaXyf/5bczaGeN15QkR+O4S5LeJ92Tqotve7i1jn35qwvdA=="],

    "@esbuild/linux-ia32": ["@esbuild/linux-ia32@0.19.12", "", { "os": "linux", "cpu": "ia32" }, "sha512-Thsa42rrP1+UIGaWz47uydHSBOgTUnwBwNq59khgIwktK6x60Hivfbux9iNR0eHCHzOLjLMLfUMLCypBkZXMHA=="],

    "@esbuild/linux-loong64": ["@esbuild/linux-loong64@0.19.12", "", { "os": "linux", "cpu": "none" }, "sha512-LiXdXA0s3IqRRjm6rV6XaWATScKAXjI4R4LoDlvO7+yQqFdlr1Bax62sRwkVvRIrwXxvtYEHHI4dm50jAXkuAA=="],

    "@esbuild/linux-mips64el": ["@esbuild/linux-mips64el@0.19.12", "", { "os": "linux", "cpu": "none" }, "sha512-fEnAuj5VGTanfJ07ff0gOA6IPsvrVHLVb6Lyd1g2/ed67oU1eFzL0r9WL7ZzscD+/N6i3dWumGE1Un4f7Amf+w=="],

    "@esbuild/linux-ppc64": ["@esbuild/linux-ppc64@0.19.12", "", { "os": "linux", "cpu": "ppc64" }, "sha512-nYJA2/QPimDQOh1rKWedNOe3Gfc8PabU7HT3iXWtNUbRzXS9+vgB0Fjaqr//XNbd82mCxHzik2qotuI89cfixg=="],

    "@esbuild/linux-riscv64": ["@esbuild/linux-riscv64@0.19.12", "", { "os": "linux", "cpu": "none" }, "sha512-2MueBrlPQCw5dVJJpQdUYgeqIzDQgw3QtiAHUC4RBz9FXPrskyyU3VI1hw7C0BSKB9OduwSJ79FTCqtGMWqJHg=="],

    "@esbuild/linux-s390x": ["@esbuild/linux-s390x@0.19.12", "", { "os": "linux", "cpu": "s390x" }, "sha512-+Pil1Nv3Umes4m3AZKqA2anfhJiVmNCYkPchwFJNEJN5QxmTs1uzyy4TvmDrCRNT2ApwSari7ZIgrPeUx4UZDg=="],

    "@esbuild/linux-x64": ["@esbuild/linux-x64@0.19.12", "", { "os": "linux", "cpu": "x64" }, "sha512-B71g1QpxfwBvNrfyJdVDexenDIt1CiDN1TIXLbhOw0KhJzE78KIFGX6OJ9MrtC0oOqMWf+0xop4qEU8JrJTwCg=="],

    "@esbuild/netbsd-x64": ["@esbuild/netbsd-x64@0.19.12", "", { "os": "none", "cpu": "x64" }, "sha512-3ltjQ7n1owJgFbuC61Oj++XhtzmymoCihNFgT84UAmJnxJfm4sYCiSLTXZtE00VWYpPMYc+ZQmB6xbSdVh0JWA=="],

    "@esbuild/openbsd-x64": ["@esbuild/openbsd-x64@0.19.12", "", { "os": "openbsd", "cpu": "x64" }, "sha512-RbrfTB9SWsr0kWmb9srfF+L933uMDdu9BIzdA7os2t0TXhCRjrQyCeOt6wVxr79CKD4c+p+YhCj31HBkYcXebw=="],

    "@esbuild/sunos-x64": ["@esbuild/sunos-x64@0.19.12", "", { "os": "sunos", "cpu": "x64" }, "sha512-HKjJwRrW8uWtCQnQOz9qcU3mUZhTUQvi56Q8DPTLLB+DawoiQdjsYq+j+D3s9I8VFtDr+F9CjgXKKC4ss89IeA=="],

    "@esbuild/win32-arm64": ["@esbuild/win32-arm64@0.19.12", "", { "os": "win32", "cpu": "arm64" }, "sha512-URgtR1dJnmGvX864pn1B2YUYNzjmXkuJOIqG2HdU62MVS4EHpU2946OZoTMnRUHklGtJdJZ33QfzdjGACXhn1A=="],

    "@esbuild/win32-ia32": ["@esbuild/win32-ia32@0.19.12", "", { "os": "win32", "cpu": "ia32" }, "sha512-+ZOE6pUkMOJfmxmBZElNOx72NKpIa/HFOMGzu8fqzQJ5kgf6aTGrcJaFsNiVMH4JKpMipyK+7k0n2UXN7a8YKQ=="],

    "@esbuild/win32-x64": ["@esbuild/win32-x64@0.19.12", "", { "os": "win32", "cpu": "x64" }, "sha512-T1QyPSDCyMXaO3pzBkF96E8xMkiRYbUEZADd29SyPGabqxMViNoii+NcK7eWJAEoU6RZyEm5lVSIjTmcdoB9HA=="],

    "@napi-rs/wasm-runtime": ["@napi-rs/wasm-runtime@1.1.1", "", { "dependencies": { "@emnapi/core": "^1.7.1", "@emnapi/runtime": "^1.7.1", "@tybys/wasm-util": "^0.10.1" } }, "sha512-p64ah1M1ld8xjWv3qbvFwHiFVWrq1yFvV4f7w+mzaqiR4IlSgkqhcRdHwsGgomwzBH51sRY4NEowLxnaBjcW/A=="],

    "@oxc-project/types": ["@oxc-project/types@0.108.0", "", {}, "sha512-7lf13b2IA/kZO6xgnIZA88sq3vwrxWk+2vxf6cc+omwYCRTiA5e63Beqf3fz/v8jEviChWWmFYBwzfSeyrsj7Q=="],

    "@oxfmt/darwin-arm64": ["@oxfmt/darwin-arm64@0.19.0", "", { "os": "darwin", "cpu": "arm64" }, "sha512-FfNpn3ximwbBZCaS8WL2vAXcFuQFQgvv/brO6D1WdmL4pnFOgfBIpFfkeFnKfdmdpxtg9O0wF8NTcdw5Iyl2Bg=="],

    "@oxfmt/darwin-x64": ["@oxfmt/darwin-x64@0.19.0", "", { "os": "darwin", "cpu": "x64" }, "sha512-31FWUHAgTdTzOslz0zoA60UDEdeZZpeM6wTzCdffetwLbHkK8ZuCuzd+DauHZPNlSU8G72iw4lF7Zve9pSkK9w=="],

    "@oxfmt/linux-arm64-gnu": ["@oxfmt/linux-arm64-gnu@0.19.0", "", { "os": "linux", "cpu": "arm64" }, "sha512-BkU9h39xKj/8uko82uFDJUharM8VxZO+uXKglpBnEC8XxWRzXocVCX4wpLT/Tfk4NyBy6fRM9DeISdZvQKZCjA=="],

    "@oxfmt/linux-arm64-musl": ["@oxfmt/linux-arm64-musl@0.19.0", "", { "os": "linux", "cpu": "arm64" }, "sha512-wWYk6Z/3iC+0zZAUkVCcEHui/IsUqsl+GEm9o6H7oARPLisXajbwCQcmqYslUD7eK6OXdYoWriBkEvSX/5dU4A=="],

    "@oxfmt/linux-x64-gnu": ["@oxfmt/linux-x64-gnu@0.19.0", "", { "os": "linux", "cpu": "x64" }, "sha512-EB/b3or437E3uDie8QxeU3eA502JcmR1koyIBcH9rFidY0cMik58xvw54tXCY3WpMRxEXf37aHZzUSDP3qJnZg=="],

    "@oxfmt/linux-x64-musl": ["@oxfmt/linux-x64-musl@0.19.0", "", { "os": "linux", "cpu": "x64" }, "sha512-htMB45orYoa1oFSjSmoGgcBDsD47/0joDfqpa8TrTDI5qsW5kAedpFR5wSce8Is9oj7SJ07omhOj96P/QiekWA=="],

    "@oxfmt/win32-arm64": ["@oxfmt/win32-arm64@0.19.0", "", { "os": "win32", "cpu": "arm64" }, "sha512-x7+3Eh/VWdXEda+BUmAKYlhGrRJVera7RfWw47Yx8PJUGtNqBfeYGDbf0W59ceK8Z3bY3OinrmOO3d1jOuXzMQ=="],

    "@oxfmt/win32-x64": ["@oxfmt/win32-x64@0.19.0", "", { "os": "win32", "cpu": "x64" }, "sha512-X+FKXBg2jx4CxF5SJs3xpx1msMw5JfxaGD5qBZYqlHGdryQsy6zUY+bQwDDcuy3Ic/WNGD8ZNEuggeYNE7jx/Q=="],

    "@oxlint-tsgolint/darwin-arm64": ["@oxlint-tsgolint/darwin-arm64@0.11.1", "", { "os": "darwin", "cpu": "arm64" }, "sha512-UJIOFeJZpFTJIGS+bMdFXcvjslvnXBEouMvzynfQD7RTazcFIRLbokYgEbhrN2P6B352Ut1TUtvR0CLAp/9QfA=="],

    "@oxlint-tsgolint/darwin-x64": ["@oxlint-tsgolint/darwin-x64@0.11.1", "", { "os": "darwin", "cpu": "x64" }, "sha512-68O8YvexIm+ISZKl2vBFII1dMfLrteDyPcuCIecDuiBIj2tV0KYq13zpSCMz4dvJUWJW6RmOOGZKrkkvOAy6uQ=="],

    "@oxlint-tsgolint/linux-arm64": ["@oxlint-tsgolint/linux-arm64@0.11.1", "", { "os": "linux", "cpu": "arm64" }, "sha512-hXBInrFxPNbPPbPQYozo8YpSsFFYdtHBWRUiLMxul71vTy1CdSA7H5Qq2KbrKomr/ASmhvIDVAQZxh9hIJNHMA=="],

    "@oxlint-tsgolint/linux-x64": ["@oxlint-tsgolint/linux-x64@0.11.1", "", { "os": "linux", "cpu": "x64" }, "sha512-aMaGctlwrJhaIQPOdVJR+AGHZGPm4D1pJ457l0SqZt4dLXAhuUt2ene6cUUGF+864R7bDyFVGZqbZHODYpENyA=="],

    "@oxlint-tsgolint/win32-arm64": ["@oxlint-tsgolint/win32-arm64@0.11.1", "", { "os": "win32", "cpu": "arm64" }, "sha512-ipOs6kKo8fz5n5LSHvcbyZFmEpEIsh2m7+B03RW3jGjBEPMiXb4PfKNuxnusFYTtJM9WaR3bCVm5UxeJTA8r3w=="],

    "@oxlint-tsgolint/win32-x64": ["@oxlint-tsgolint/win32-x64@0.11.1", "", { "os": "win32", "cpu": "x64" }, "sha512-m2apsAXg6qU3ulQG45W/qshyEpOjoL+uaQyXJG5dBoDoa66XPtCaSkBlKltD0EwGu0aoB8lM4I5I3OzQ6raNhw=="],

    "@oxlint/darwin-arm64": ["@oxlint/darwin-arm64@1.41.0", "", { "os": "darwin", "cpu": "arm64" }, "sha512-K0Bs0cNW11oWdSrKmrollKF44HMM2HKr4QidZQHMlhJcSX8pozxv0V5FLdqB4sddzCY0J9Wuuw+oRAfR8sdRwA=="],

    "@oxlint/darwin-x64": ["@oxlint/darwin-x64@1.41.0", "", { "os": "darwin", "cpu": "x64" }, "sha512-1LCCXCe9nN8LbrJ1QOGari2HqnxrZrveYKysWDIg8gFsQglIg00XF/8lRbA0kWHMdLgt4X0wfNYhhFz+c3XXLQ=="],

    "@oxlint/linux-arm64-gnu": ["@oxlint/linux-arm64-gnu@1.41.0", "", { "os": "linux", "cpu": "arm64" }, "sha512-Fow7H84Bs8XxuaK1yfSEWBC8HI7rfEQB9eR2A0J61un1WgCas7jNrt1HbT6+p6KmUH2bhR+r/RDu/6JFAvvj4g=="],

    "@oxlint/linux-arm64-musl": ["@oxlint/linux-arm64-musl@1.41.0", "", { "os": "linux", "cpu": "arm64" }, "sha512-WoRRDNwgP5W3rjRh42Zdx8ferYnqpKoYCv2QQLenmdrLjRGYwAd52uywfkcS45mKEWHeY1RPwPkYCSROXiGb2w=="],

    "@oxlint/linux-x64-gnu": ["@oxlint/linux-x64-gnu@1.41.0", "", { "os": "linux", "cpu": "x64" }, "sha512-75k3CKj3fOc/a/2aSgO81s3HsTZOFROthPJ+UI2Oatic1LhvH6eKjKfx3jDDyVpzeDS2qekPlc/y3N33iZz5Og=="],

    "@oxlint/linux-x64-musl": ["@oxlint/linux-x64-musl@1.41.0", "", { "os": "linux", "cpu": "x64" }, "sha512-8r82eBwGPoAPn67ZvdxTlX/Z3gVb+ZtN6nbkyFzwwHWAh8yGutX+VBcVkyrePSl6XgBP4QAaddPnHmkvJjqY0g=="],

    "@oxlint/win32-arm64": ["@oxlint/win32-arm64@1.41.0", "", { "os": "win32", "cpu": "arm64" }, "sha512-aK+DAcckQsNCOXKruatyYuY/ROjNiRejQB1PeJtkZwM21+8rV9ODYbvKNvt0pW+YCws7svftBSFMCpl3ke2unw=="],

    "@oxlint/win32-x64": ["@oxlint/win32-x64@1.41.0", "", { "os": "win32", "cpu": "x64" }, "sha512-dVBXkZ6MGLd3owV7jvuqJsZwiF3qw7kEkDVsYVpS/O96eEvlHcxVbaPjJjrTBgikXqyC22vg3dxBU7MW0utGfw=="],

    "@rolldown/binding-android-arm64": ["@rolldown/binding-android-arm64@1.0.0-beta.60", "", { "os": "android", "cpu": "arm64" }, "sha512-hOW6iQXtpG4uCW1zGK56+KhEXGttSkTp2ykncW/nkOIF/jOKTqbM944Q73HVeMXP1mPRvE2cZwNp3xeLIeyIGQ=="],

    "@rolldown/binding-darwin-arm64": ["@rolldown/binding-darwin-arm64@1.0.0-beta.60", "", { "os": "darwin", "cpu": "arm64" }, "sha512-vyDA4HXY2mP8PPtl5UE17uGPxUNG4m1wkfa3kAkR8JWrFbarV97UmLq22IWrNhtBPa89xqerzLK8KoVmz5JqCQ=="],

    "@rolldown/binding-darwin-x64": ["@rolldown/binding-darwin-x64@1.0.0-beta.60", "", { "os": "darwin", "cpu": "x64" }, "sha512-WnxyqxAKP2BsxouwGY/RCF5UFw/LA4QOHhJ7VEl+UCelHokiwqNHRbryLAyRy3TE1FZ5eae+vAFcaetAu/kWLw=="],

    "@rolldown/binding-freebsd-x64": ["@rolldown/binding-freebsd-x64@1.0.0-beta.60", "", { "os": "freebsd", "cpu": "x64" }, "sha512-JtyWJ+zXOHof5gOUYwdTWI2kL6b8q9eNwqB/oD4mfUFaC/COEB2+47JMhcq78dey9Ahmec3DZKRDZPRh9hNAMQ=="],

    "@rolldown/binding-linux-arm-gnueabihf": ["@rolldown/binding-linux-arm-gnueabihf@1.0.0-beta.60", "", { "os": "linux", "cpu": "arm" }, "sha512-LrMoKqpHx+kCaNSk84iSBd4yVOymLIbxJQtvFjDN2CjQraownR+IXcwYDblFcj9ivmS54T3vCboXBbm3s1zbPQ=="],

    "@rolldown/binding-linux-arm64-gnu": ["@rolldown/binding-linux-arm64-gnu@1.0.0-beta.60", "", { "os": "linux", "cpu": "arm64" }, "sha512-sqI+Vdx1gmXJMsXN3Fsewm3wlt7RHvRs1uysSp//NLsCoh9ZFEUr4ZzGhWKOg6Rvf+njNu/vCsz96x7wssLejQ=="],

    "@rolldown/binding-linux-arm64-musl": ["@rolldown/binding-linux-arm64-musl@1.0.0-beta.60", "", { "os": "linux", "cpu": "arm64" }, "sha512-8xlqGLDtTP8sBfYwneTDu8+PRm5reNEHAuI/+6WPy9y350ls0KTFd3EJCOWEXWGW0F35ko9Fn9azmurBTjqOrQ=="],

    "@rolldown/binding-linux-x64-gnu": ["@rolldown/binding-linux-x64-gnu@1.0.0-beta.60", "", { "os": "linux", "cpu": "x64" }, "sha512-iR4nhVouVZK1CiGGGyz+prF5Lw9Lmz30Rl36Hajex+dFVFiegka604zBwzTp5Tl0BZnr50ztnVJ30tGrBhDr8Q=="],

    "@rolldown/binding-linux-x64-musl": ["@rolldown/binding-linux-x64-musl@1.0.0-beta.60", "", { "os": "linux", "cpu": "x64" }, "sha512-HbfNcqNeqxFjSMf1Kpe8itr2e2lr0Bm6HltD2qXtfU91bSSikVs9EWsa1ThshQ1v2ZvxXckGjlVLtah6IoslPg=="],

    "@rolldown/binding-openharmony-arm64": ["@rolldown/binding-openharmony-arm64@1.0.0-beta.60", "", { "os": "none", "cpu": "arm64" }, "sha512-BiiamFcgTJ+ZFOUIMO9AHXUo9WXvHVwGfSrJ+Sv0AsTd2w3VN7dJGiH3WRcxKFetljJHWvGbM4fdpY5lf6RIvw=="],

    "@rolldown/binding-wasm32-wasi": ["@rolldown/binding-wasm32-wasi@1.0.0-beta.60", "", { "dependencies": { "@napi-rs/wasm-runtime": "^1.1.1" }, "cpu": "none" }, "sha512-6roXGbHMdR2ucnxXuwbmQvk8tuYl3VGu0yv13KxspyKBxxBd4RS6iykzLD6mX2gMUHhfX8SVWz7n/62gfyKHow=="],

    "@rolldown/binding-win32-arm64-msvc": ["@rolldown/binding-win32-arm64-msvc@1.0.0-beta.60", "", { "os": "win32", "cpu": "arm64" }, "sha512-JBOm8/DC/CKnHyMHoJFdvzVHxUixid4dGkiTqGflxOxO43uSJMpl77pSPXvzwZ/VXwqblU2V0/PanyCBcRLowQ=="],

    "@rolldown/binding-win32-x64-msvc": ["@rolldown/binding-win32-x64-msvc@1.0.0-beta.60", "", { "os": "win32", "cpu": "x64" }, "sha512-MKF0B823Efp+Ot8KsbwIuGhKH58pf+2rSM6VcqyNMlNBHheOM0Gf7JmEu+toc1jgN6fqjH7Et+8hAzsLVkIGfA=="],

    "@rolldown/pluginutils": ["@rolldown/pluginutils@1.0.0-beta.60", "", {}, "sha512-Jz4aqXRPVtqkH1E3jRDzLO5cgN5JwW+WG0wXGE4NiJd25nougv/AHzxmKCzmVQUYnxLmTM0M4wrZp+LlC2FKLg=="],

    "@tybys/wasm-util": ["@tybys/wasm-util@0.10.1", "", { "dependencies": { "tslib": "^2.4.0" } }, "sha512-9tTaPJLSiejZKx+Bmog4uSubteqTvFrVrURwkmHixBo0G4seD0zUxp98E1DzUBJxLQ3NPwXrGKDiVjwx/DpPsg=="],

    "@types/bun": ["@types/bun@1.3.6", "", { "dependencies": { "bun-types": "1.3.6" } }, "sha512-uWCv6FO/8LcpREhenN1d1b6fcspAB+cefwD7uti8C8VffIv0Um08TKMn98FynpTiU38+y2dUO55T11NgDt8VAA=="],

    "@types/node": ["@types/node@25.0.3", "", { "dependencies": { "undici-types": "~7.16.0" } }, "sha512-W609buLVRVmeW693xKfzHeIV6nJGGz98uCPfeXI1ELMLXVeKYZ9m15fAMSaUPBHYLGFsVRcMmSCksQOrZV9BYA=="],

    "bun-types": ["bun-types@1.3.6", "", { "dependencies": { "@types/node": "*" } }, "sha512-OlFwHcnNV99r//9v5IIOgQ9Uk37gZqrNMCcqEaExdkVq3Avwqok1bJFmvGMCkCE0FqzdY8VMOZpfpR3lwI+CsQ=="],

    "esbuild": ["esbuild@0.19.12", "", { "optionalDependencies": { "@esbuild/aix-ppc64": "0.19.12", "@esbuild/android-arm": "0.19.12", "@esbuild/android-arm64": "0.19.12", "@esbuild/android-x64": "0.19.12", "@esbuild/darwin-arm64": "0.19.12", "@esbuild/darwin-x64": "0.19.12", "@esbuild/freebsd-arm64": "0.19.12", "@esbuild/freebsd-x64": "0.19.12", "@esbuild/linux-arm": "0.19.12", "@esbuild/linux-arm64": "0.19.12", "@esbuild/linux-ia32": "0.19.12", "@esbuild/linux-loong64": "0.19.12", "@esbuild/linux-mips64el": "0.19.12", "@esbuild/linux-ppc64": "0.19.12", "@esbuild/linux-riscv64": "0.19.12", "@esbuild/linux-s390x": "0.19.12", "@esbuild/linux-x64": "0.19.12", "@esbuild/netbsd-x64": "0.19.12", "@esbuild/openbsd-x64": "0.19.12", "@esbuild/sunos-x64": "0.19.12", "@esbuild/win32-arm64": "0.19.12", "@esbuild/win32-ia32": "0.19.12", "@esbuild/win32-x64": "0.19.12" }, "bin": { "esbuild": "bin/esbuild" } }, "sha512-aARqgq8roFBj054KvQr5f1sFu0D65G+miZRCuJyJ0G13Zwx7vRar5Zhn2tkQNzIXcBrNVsv/8stehpj+GAjgbg=="],

    "javy": ["javy@0.1.2", "", {}, "sha512-z6Z+CV13SXBGxmY5UseWsYNVVR4SWPfOixKGluWi1Dpn594+M2JaGPBrFIIMnFFfi7kJzHCkcTn7CrhJ7JGKsA=="],

    "oxfmt": ["oxfmt@0.19.0", "", { "dependencies": { "tinypool": "2.0.0" }, "optionalDependencies": { "@oxfmt/darwin-arm64": "0.19.0", "@oxfmt/darwin-x64": "0.19.0", "@oxfmt/linux-arm64-gnu": "0.19.0", "@oxfmt/linux-arm64-musl": "0.19.0", "@oxfmt/linux-x64-gnu": "0.19.0", "@oxfmt/linux-x64-musl": "0.19.0", "@oxfmt/win32-arm64": "0.19.0", "@oxfmt/win32-x64": "0.19.0" }, "bin": { "oxfmt": "bin/oxfmt" } }, "sha512-tPTa3j4kXdJBzBRlK9wR0/Lnd4J21rzg29cRr/VVqqfvdhZs6M+Q6TkL+rxI/IQpq8ZY8L3c+KZvga/RgeuMsg=="],

    "oxlint": ["oxlint@1.41.0", "", { "optionalDependencies": { "@oxlint/darwin-arm64": "1.41.0", "@oxlint/darwin-x64": "1.41.0", "@oxlint/linux-arm64-gnu": "1.41.0", "@oxlint/linux-arm64-musl": "1.41.0", "@oxlint/linux-x64-gnu": "1.41.0", "@oxlint/linux-x64-musl": "1.41.0", "@oxlint/win32-arm64": "1.41.0", "@oxlint/win32-x64": "1.41.0" }, "peerDependencies": { "oxlint-tsgolint": ">=0.11.1" }, "optionalPeers": ["oxlint-tsgolint"], "bin": { "oxlint": "bin/oxlint" } }, "sha512-Dyaoup82uhgAgp5xLNt4dPdvl5eSJTIzqzL7DcKbkooUE4PDViWURIPlSUF8hu5a+sCnNIp/LlQMDsKoyaLTBA=="],

    "oxlint-tsgolint": ["oxlint-tsgolint@0.11.1", "", { "optionalDependencies": { "@oxlint-tsgolint/darwin-arm64": "0.11.1", "@oxlint-tsgolint/darwin-x64": "0.11.1", "@oxlint-tsgolint/linux-arm64": "0.11.1", "@oxlint-tsgolint/linux-x64": "0.11.1", "@oxlint-tsgolint/win32-arm64": "0.11.1", "@oxlint-tsgolint/win32-x64": "0.11.1" }, "bin": { "tsgolint": "bin/tsgolint.js" } }, "sha512-WulCp+0/6RvpM4zPv+dAXybf03QvRA8ATxaBlmj4XMIQqTs5jeq3cUTk48WCt4CpLwKhyyGZPHmjLl1KHQ/cvA=="],

    "pg": ["pg@8.17.1", "", { "dependencies": { "pg-connection-string": "^2.10.0", "pg-pool": "^3.11.0", "pg-protocol": "^1.11.0", "pg-types": "2.2.0", "pgpass": "1.0.5" }, "optionalDependencies": { "pg-cloudflare": "^1.3.0" }, "peerDependencies": { "pg-native": ">=3.0.1" }, "optionalPeers": ["pg-native"] }, "sha512-EIR+jXdYNSMOrpRp7g6WgQr7SaZNZfS7IzZIO0oTNEeibq956JxeD15t3Jk3zZH0KH8DmOIx38qJfQenoE8bXQ=="],

    "pg-cloudflare": ["pg-cloudflare@1.3.0", "", {}, "sha512-6lswVVSztmHiRtD6I8hw4qP/nDm1EJbKMRhf3HCYaqud7frGysPv7FYJ5noZQdhQtN2xJnimfMtvQq21pdbzyQ=="],

    "pg-connection-string": ["pg-connection-string@2.10.0", "", {}, "sha512-ur/eoPKzDx2IjPaYyXS6Y8NSblxM7X64deV2ObV57vhjsWiwLvUD6meukAzogiOsu60GO8m/3Cb6FdJsWNjwXg=="],

    "pg-int8": ["pg-int8@1.0.1", "", {}, "sha512-WCtabS6t3c8SkpDBUlb1kjOs7l66xsGdKpIPZsg4wR+B3+u9UAum2odSsF9tnvxg80h4ZxLWMy4pRjOsFIqQpw=="],

    "pg-pool": ["pg-pool@3.11.0", "", { "peerDependencies": { "pg": ">=8.0" } }, "sha512-MJYfvHwtGp870aeusDh+hg9apvOe2zmpZJpyt+BMtzUWlVqbhFmMK6bOBXLBUPd7iRtIF9fZplDc7KrPN3PN7w=="],

    "pg-protocol": ["pg-protocol@1.11.0", "", {}, "sha512-pfsxk2M9M3BuGgDOfuy37VNRRX3jmKgMjcvAcWqNDpZSf4cUmv8HSOl5ViRQFsfARFn0KuUQTgLxVMbNq5NW3g=="],

    "pg-types": ["pg-types@2.2.0", "", { "dependencies": { "pg-int8": "1.0.1", "postgres-array": "~2.0.0", "postgres-bytea": "~1.0.0", "postgres-date": "~1.0.4", "postgres-interval": "^1.1.0" } }, "sha512-qTAAlrEsl8s4OiEQY69wDvcMIdQN6wdz5ojQiOy6YRMuynxenON0O5oCpJI6lshc6scgAY8qvJ2On/p+CXY0GA=="],

    "pgpass": ["pgpass@1.0.5", "", { "dependencies": { "split2": "^4.1.0" } }, "sha512-FdW9r/jQZhSeohs1Z3sI1yxFQNFvMcnmfuj4WBMUTxOrAyLMaTcE1aAMBiTlbMNaXvBCQuVi0R7hd8udDSP7ug=="],

    "postgres-array": ["postgres-array@2.0.0", "", {}, "sha512-VpZrUqU5A69eQyW2c5CA1jtLecCsN2U/bD6VilrFDWq5+5UIEVO7nazS3TEcHf1zuPYO/sqGvUvW62g86RXZuA=="],

    "postgres-bytea": ["postgres-bytea@1.0.1", "", {}, "sha512-5+5HqXnsZPE65IJZSMkZtURARZelel2oXUEO8rH83VS/hxH5vv1uHquPg5wZs8yMAfdv971IU+kcPUczi7NVBQ=="],

    "postgres-date": ["postgres-date@1.0.7", "", {}, "sha512-suDmjLVQg78nMK2UZ454hAG+OAW+HQPZ6n++TNDUX+L0+uUlLywnoxJKDou51Zm+zTCjrCl0Nq6J9C5hP9vK/Q=="],

    "postgres-interval": ["postgres-interval@1.2.0", "", { "dependencies": { "xtend": "^4.0.0" } }, "sha512-9ZhXKM/rw350N1ovuWHbGxnGh/SNJ4cnxHiM0rxE4VN41wsg8P8zWn9hv/buK00RP4WvlOyr/RBDiptyxVbkZQ=="],

    "rolldown": ["rolldown@1.0.0-beta.60", "", { "dependencies": { "@oxc-project/types": "=0.108.0", "@rolldown/pluginutils": "1.0.0-beta.60" }, "optionalDependencies": { "@rolldown/binding-android-arm64": "1.0.0-beta.60", "@rolldown/binding-darwin-arm64": "1.0.0-beta.60", "@rolldown/binding-darwin-x64": "1.0.0-beta.60", "@rolldown/binding-freebsd-x64": "1.0.0-beta.60", "@rolldown/binding-linux-arm-gnueabihf": "1.0.0-beta.60", "@rolldown/binding-linux-arm64-gnu": "1.0.0-beta.60", "@rolldown/binding-linux-arm64-musl": "1.0.0-beta.60", "@rolldown/binding-linux-x64-gnu": "1.0.0-beta.60", "@rolldown/binding-linux-x64-musl": "1.0.0-beta.60", "@rolldown/binding-openharmony-arm64": "1.0.0-beta.60", "@rolldown/binding-wasm32-wasi": "1.0.0-beta.60", "@rolldown/binding-win32-arm64-msvc": "1.0.0-beta.60", "@rolldown/binding-win32-x64-msvc": "1.0.0-beta.60" }, "bin": { "rolldown": "bin/cli.mjs" } }, "sha512-YYgpv7MiTp9LdLj1fzGzCtij8Yi2OKEc3HQtfbIxW4yuSgpQz9518I69U72T5ErPA/ATOXqlcisiLrWy+5V9YA=="],

    "split2": ["split2@4.2.0", "", {}, "sha512-UcjcJOWknrNkF6PLX83qcHM6KHgVKNkV62Y8a5uYDVv9ydGQVwAHMKqHdJje1VTWpljG0WYpCDhrCdAOYH4TWg=="],

    "tinypool": ["tinypool@2.0.0", "", {}, "sha512-/RX9RzeH2xU5ADE7n2Ykvmi9ED3FBGPAjw9u3zucrNNaEBIO0HPSYgL0NT7+3p147ojeSdaVu08F6hjpv31HJg=="],

    "tslib": ["tslib@2.8.1", "", {}, "sha512-oJFu94HQb+KVduSUQL7wnpmqnfmLsOA/nAh6b6EH0wCEoK0/mPeXU6c3wKDV83MkOuHPRHtSXKKU99IBazS/2w=="],

    "typescript": ["typescript@5.9.3", "", { "bin": { "tsc": "bin/tsc", "tsserver": "bin/tsserver" } }, "sha512-jl1vZzPDinLr9eUt3J/t7V6FgNEw9QjvBPdysz9KfQDD41fQrC2Y4vKQdiaUpFT4bXlb1RHhLpp8wtm6M5TgSw=="],

    "undici-types": ["undici-types@7.16.0", "", {}, "sha512-Zz+aZWSj8LE6zoxD+xrjh4VfkIG8Ya6LvYkZqtUQGJPZjYl53ypCaUwWqo7eI0x66KBGeRo+mlBEkMSeSZ38Nw=="],

    "xtend": ["xtend@4.0.2", "", {}, "sha512-LKYU1iAXJXUgAXn9URjiu+MWhyUXHsvfp7mcuYm9dSUKK0/CjtrUwFAxD82/mCWbtLsGjFIad0wIsod4zrTAEQ=="],
  }
}
